
Microsoft Visual Studio Solution File, Format Version 12.00
# Visual Studio Version 17
VisualStudioVersion = 17.1.32210.238
MinimumVisualStudioVersion = 10.0.40219.1
Project("{9A19103F-16F7-4668-BE54-9A1E7A4F7556}") = "InfiniteWhiteboard", "InfiniteWhiteboard\InfiniteWhiteboard.csproj", "{107CF349-D3BF-47C6-9986-7ABD8AC9EA9B}"
EndProject
Global
	GlobalSection(SolutionConfigurationPlatforms) = preSolution
		Debug|Any CPU = Debug|Any CPU
		Release|Any CPU = Release|Any CPU
	EndGlobalSection
	GlobalSection(ProjectConfigurationPlatforms) = postSolution
		{107CF349-D3BF-47C6-9986-7ABD8AC9EA9B}.Debug|Any CPU.ActiveCfg = Debug|Any CPU
		{107CF349-D3BF-47C6-9986-7ABD8AC9EA9B}.Debug|Any CPU.Build.0 = Debug|Any CPU
		{107CF349-D3BF-47C6-9986-7ABD8AC9EA9B}.Release|Any CPU.ActiveCfg = Release|Any CPU
		{107CF349-D3BF-47C6-9986-7ABD8AC9EA9B}.Release|Any CPU.Build.0 = Release|Any CPU
	EndGlobalSection
	GlobalSection(SolutionProperties) = preSolution
		HideSolutionNode = FALSE
	EndGlobalSection
	GlobalSection(ExtensibilityGlobals) = postSolution
		SolutionGuid = {37C3979C-AC01-408B-8621-5A55D635886F}
	EndGlobalSection
EndGlobal
